
Microsoft Visual Studio Solution File, Format Version 12.00
# Visual Studio 15
VisualStudioVersion = 15.0.28307.645
MinimumVisualStudioVersion = 10.0.40219.1
Project("{FAE04EC0-301F-11D3-BF4B-00C04F79EFBC}") = "InventoryLibrary", "InventoryLibrary\InventoryLibrary.csproj", "{D4528B79-6312-4F14-9045-877028705EF2}"
EndProject
Project("{FAE04EC0-301F-11D3-BF4B-00C04F79EFBC}") = "InventoryUI", "InventoryUI\InventoryUI.csproj", "{14BA9388-EDF3-4118-B379-68DB1AC8F64E}"
EndProject
Global
	GlobalSection(SolutionConfigurationPlatforms) = preSolution
		Debug|Any CPU = Debug|Any CPU
		Release|Any CPU = Release|Any CPU
	EndGlobalSection
	GlobalSection(ProjectConfigurationPlatforms) = postSolution
		{D4528B79-6312-4F14-9045-877028705EF2}.Debug|Any CPU.ActiveCfg = Debug|Any CPU
		{D4528B79-6312-4F14-9045-877028705EF2}.Debug|Any CPU.Build.0 = Debug|Any CPU
		{D4528B79-6312-4F14-9045-877028705EF2}.Release|Any CPU.ActiveCfg = Release|Any CPU
		{D4528B79-6312-4F14-9045-877028705EF2}.Release|Any CPU.Build.0 = Release|Any CPU
		{14BA9388-EDF3-4118-B379-68DB1AC8F64E}.Debug|Any CPU.ActiveCfg = Debug|Any CPU
		{14BA9388-EDF3-4118-B379-68DB1AC8F64E}.Debug|Any CPU.Build.0 = Debug|Any CPU
		{14BA9388-EDF3-4118-B379-68DB1AC8F64E}.Release|Any CPU.ActiveCfg = Release|Any CPU
		{14BA9388-EDF3-4118-B379-68DB1AC8F64E}.Release|Any CPU.Build.0 = Release|Any CPU
	EndGlobalSection
	GlobalSection(SolutionProperties) = preSolution
		HideSolutionNode = FALSE
	EndGlobalSection
	GlobalSection(ExtensibilityGlobals) = postSolution
		SolutionGuid = {332EE894-D332-47BB-927A-6DAA36CD92FC}
	EndGlobalSection
EndGlobal
